// !$*UTF8*$!
{
	archiveVersion = 1;
	classes = {
	};
	objectVersion = 46;
	objects = {

/* Begin PBXBuildFile section */
		30B33CE11C2D975400527950 /* main.m in Sources */ = {isa = PBXBuildFile; fileRef = 30B33CE01C2D975400527950 /* main.m */; };
		30B33CE41C2D975400527950 /* AppDelegate.m in Sources */ = {isa = PBXBuildFile; fileRef = 30B33CE31C2D975400527950 /* AppDelegate.m */; };
		30B33CEA1C2D975400527950 /* Main.storyboard in Resources */ = {isa = PBXBuildFile; fileRef = 30B33CE81C2D975400527950 /* Main.storyboard */; };
		30B33CEC1C2D975400527950 /* Assets.xcassets in Resources */ = {isa = PBXBuildFile; fileRef = 30B33CEB1C2D975400527950 /* Assets.xcassets */; };
		30B33CEF1C2D975400527950 /* LaunchScreen.storyboard in Resources */ = {isa = PBXBuildFile; fileRef = 30B33CED1C2D975400527950 /* LaunchScreen.storyboard */; };
		30B33CFC1C2D993100527950 /* RSJoystick.m in Sources */ = {isa = PBXBuildFile; fileRef = 30B33CF91C2D993100527950 /* RSJoystick.m */; };
		30B33CFD1C2D993100527950 /* ViewController.m in Sources */ = {isa = PBXBuildFile; fileRef = 30B33CFB1C2D993100527950 /* ViewController.m */; };
/* End PBXBuildFile section */

/* Begin PBXFileReference section */
		30B33CDC1C2D975400527950 /* RSJoystickExample.app */ = {isa = PBXFileReference; explicitFileType = wrapper.application; includeInIndex = 0; path = RSJoystickExample.app; sourceTree = BUILT_PRODUCTS_DIR; };
		30B33CE01C2D975400527950 /* main.m */ = {isa = PBXFileReference; lastKnownFileType = sourcecode.c.objc; path = main.m; sourceTree = "<group>"; };
		30B33CE21C2D975400527950 /* AppDelegate.h */ = {isa = PBXFileReference; lastKnownFileType = sourcecode.c.h; path = AppDelegate.h; sourceTree = "<group>"; };
		30B33CE31C2D975400527950 /* AppDelegate.m */ = {isa = PBXFileReference; lastKnownFileType = sourcecode.c.objc; path = AppDelegate.m; sourceTree = "<group>"; };
		30B33CE91C2D975400527950 /* Base */ = {isa = PBXFileReference; lastKnownFileType = file.storyboard; name = Base; path = Base.lproj/Main.storyboard; sourceTree = "<group>"; };
		30B33CEB1C2D975400527950 /* Assets.xcassets */ = {isa = PBXFileReference; lastKnownFileType = folder.assetcatalog; path = Assets.xcassets; sourceTree = "<group>"; };
		30B33CEE1C2D975400527950 /* Base */ = {isa = PBXFileReference; lastKnownFileType = file.storyboard; name = Base; path = Base.lproj/LaunchScreen.storyboard; sourceTree = "<group>"; };
		30B33CF01C2D975400527950 /* Info.plist */ = {isa = PBXFileReference; lastKnownFileType = text.plist.xml; path = Info.plist; sourceTree = "<group>"; };
		30B33CF81C2D993100527950 /* RSJoystick.h */ = {isa = PBXFileReference; fileEncoding = 4; lastKnownFileType = sourcecode.c.h; path = RSJoystick.h; sourceTree = "<group>"; };
		30B33CF91C2D993100527950 /* RSJoystick.m */ = {isa = PBXFileReference; fileEncoding = 4; lastKnownFileType = sourcecode.c.objc; path = RSJoystick.m; sourceTree = "<group>"; };
		30B33CFA1C2D993100527950 /* ViewController.h */ = {isa = PBXFileReference; fileEncoding = 4; lastKnownFileType = sourcecode.c.h; path = ViewController.h; sourceTree = "<group>"; };
		30B33CFB1C2D993100527950 /* ViewController.m */ = {isa = PBXFileReference; fileEncoding = 4; lastKnownFileType = sourcecode.c.objc; path = ViewController.m; sourceTree = "<group>"; };
/* End PBXFileReference section */

/* Begin PBXFrameworksBuildPhase section */
		30B33CD91C2D975400527950 /* Frameworks */ = {
			isa = PBXFrameworksBuildPhase;
			buildActionMask = 2147483647;
			files = (
			);
			runOnlyForDeploymentPostprocessing = 0;
		};
/* End PBXFrameworksBuildPhase section */

/* Begin PBXGroup section */
		30B33CD31C2D975400527950 = {
			isa = PBXGroup;
			children = (
				30B33CDE1C2D975400527950 /* RSJoystickExample */,
				30B33CDD1C2D975400527950 /* Products */,
			);
			sourceTree = "<group>";
		};
		30B33CDD1C2D975400527950 /* Products */ = {
			isa = PBXGroup;
			children = (
				30B33CDC1C2D975400527950 /* RSJoystickExample.app */,
			);
			name = Products;
			sourceTree = "<group>";
		};
		30B33CDE1C2D975400527950 /* RSJoystickExample */ = {
			isa = PBXGroup;
			children = (
				30B33CF61C2D993100527950 /* Classes */,
				30B33CE81C2D975400527950 /* Main.storyboard */,
				30B33CED1C2D975400527950 /* LaunchScreen.storyboard */,
				30B33CE21C2D975400527950 /* AppDelegate.h */,
				30B33CE31C2D975400527950 /* AppDelegate.m */,
				30B33CDF1C2D975400527950 /* Supporting Files */,
			);
			path = RSJoystickExample;
			sourceTree = "<group>";
		};
		30B33CDF1C2D975400527950 /* Supporting Files */ = {
			isa = PBXGroup;
			children = (
				30B33CEB1C2D975400527950 /* Assets.xcassets */,
				30B33CF01C2D975400527950 /* Info.plist */,
				30B33CE01C2D975400527950 /* main.m */,
			);
			name = "Supporting Files";
			sourceTree = "<group>";
		};
		30B33CF61C2D993100527950 /* Classes */ = {
			isa = PBXGroup;
			children = (
				30B33CF71C2D993100527950 /* RSJoystick */,
				30B33CFA1C2D993100527950 /* ViewController.h */,
				30B33CFB1C2D993100527950 /* ViewController.m */,
			);
			path = Classes;
			sourceTree = "<group>";
		};
		30B33CF71C2D993100527950 /* RSJoystick */ = {
			isa = PBXGroup;
			children = (
				30B33CF81C2D993100527950 /* RSJoystick.h */,
				30B33CF91C2D993100527950 /* RSJoystick.m */,
			);
			name = RSJoystick;
			path = ../../RSJoystick;
			sourceTree = "<group>";
		};
/* End PBXGroup section */

/* Begin PBXNativeTarget section */
		30B33CDB1C2D975400527950 /* RSJoystickExample */ = {
			isa = PBXNativeTarget;
			buildConfigurationList = 30B33CF31C2D975400527950 /* Build configuration list for PBXNativeTarget "RSJoystickExample" */;
			buildPhases = (
				30B33CD81C2D975400527950 /* Sources */,
				30B33CD91C2D975400527950 /* Frameworks */,
				30B33CDA1C2D975400527950 /* Resources */,
			);
			buildRules = (
			);
			dependencies = (
			);
			name = RSJoystickExample;
			productName = RSJoystick;
			productReference = 30B33CDC1C2D975400527950 /* RSJoystickExample.app */;
			productType = "com.apple.product-type.application";
		};
/* End PBXNativeTarget section */

/* Begin PBXProject section */
		30B33CD41C2D975400527950 /* Project object */ = {
			isa = PBXProject;
			attributes = {
				LastUpgradeCheck = 0720;
				ORGANIZATIONNAME = "Roman Simenok";
				TargetAttributes = {
					30B33CDB1C2D975400527950 = {
						CreatedOnToolsVersion = 7.2;
						ProvisioningStyle = Manual;
					};
				};
			};
			buildConfigurationList = 30B33CD71C2D975400527950 /* Build configuration list for PBXProject "RSJoystickExample" */;
			compatibilityVersion = "Xcode 3.2";
			developmentRegion = English;
			hasScannedForEncodings = 0;
			knownRegions = (
				en,
				Base,
			);
			mainGroup = 30B33CD31C2D975400527950;
			productRefGroup = 30B33CDD1C2D975400527950 /* Products */;
			projectDirPath = "";
			projectRoot = "";
			targets = (
				30B33CDB1C2D975400527950 /* RSJoystickExample */,
			);
		};
/* End PBXProject section */

/* Begin PBXResourcesBuildPhase section */
		30B33CDA1C2D975400527950 /* Resources */ = {
			isa = PBXResourcesBuildPhase;
			buildActionMask = 2147483647;
			files = (
				30B33CEF1C2D975400527950 /* LaunchScreen.storyboard in Resources */,
				30B33CEC1C2D975400527950 /* Assets.xcassets in Resources */,
				30B33CEA1C2D975400527950 /* Main.storyboard in Resources */,
			);
			runOnlyForDeploymentPostprocessing = 0;
		};
/* End PBXResourcesBuildPhase section */

/* Begin PBXSourcesBuildPhase section */
		30B33CD81C2D975400527950 /* Sources */ = {
			isa = PBXSourcesBuildPhase;
			buildActionMask = 2147483647;
			files = (
				30B33CE41C2D975400527950 /* AppDelegate.m in Sources */,
				30B33CFC1C2D993100527950 /* RSJoystick.m in Sources */,
				30B33CFD1C2D993100527950 /* ViewController.m in Sources */,
				30B33CE11C2D975400527950 /* main.m in Sources */,
			);
			runOnlyForDeploymentPostprocessing = 0;
		};
/* End PBXSourcesBuildPhase section */

/* Begin PBXVariantGroup section */
		30B33CE81C2D975400527950 /* Main.storyboard */ = {
			isa = PBXVariantGroup;
			children = (
				30B33CE91C2D975400527950 /* Base */,
			);
			name = Main.storyboard;
			sourceTree = "<group>";
		};
		30B33CED1C2D975400527950 /* LaunchScreen.storyboard */ = {
			isa = PBXVariantGroup;
			children = (
				30B33CEE1C2D975400527950 /* Base */,
			);
			name = LaunchScreen.storyboard;
			sourceTree = "<group>";
		};
/* End PBXVariantGroup section */

/* Begin XCBuildConfiguration section */
		30B33CF11C2D975400527950 /* Debug */ = {
			isa = XCBuildConfiguration;
			buildSettings = {
				ALWAYS_SEARCH_USER_PATHS = NO;
				CLANG_CXX_LANGUAGE_STANDARD = "gnu++0x";
				CLANG_CXX_LIBRARY = "libc++";
				CLANG_ENABLE_MODULES = YES;
				CLANG_ENABLE_OBJC_ARC = YES;
				CLANG_WARN_BOOL_CONVERSION = YES;
				CLANG_WARN_CONSTANT_CONVERSION = YES;
				CLANG_WARN_DIRECT_OBJC_ISA_USAGE = YES_ERROR;
				CLANG_WARN_EMPTY_BODY = YES;
				CLANG_WARN_ENUM_CONVERSION = YES;
				CLANG_WARN_INT_CONVERSION = YES;
				CLANG_WARN_OBJC_ROOT_CLASS = YES_ERROR;
				CLANG_WARN_UNREACHABLE_CODE = YES;
				CLANG_WARN__DUPLICATE_METHOD_MATCH = YES;
				"CODE_SIGN_IDENTITY[sdk=iphoneos*]" = "iPhone Developer";
				COPY_PHASE_STRIP = NO;
				DEBUG_INFORMATION_FORMAT = dwarf;
				ENABLE_STRICT_OBJC_MSGSEND = YES;
				ENABLE_TESTABILITY = YES;
				GCC_C_LANGUAGE_STANDARD = gnu99;
				GCC_DYNAMIC_NO_PIC = NO;
				GCC_NO_COMMON_BLOCKS = YES;
				GCC_OPTIMIZATION_LEVEL = 0;
				GCC_PREPROCESSOR_DEFINITIONS = (
					"DEBUG=1",
					"$(inherited)",
				);
				GCC_WARN_64_TO_32_BIT_CONVERSION = YES;
				GCC_WARN_ABOUT_RETURN_TYPE = YES_ERROR;
				GCC_WARN_UNDECLARED_SELECTOR = YES;
				GCC_WARN_UNINITIALIZED_AUTOS = YES_AGGRESSIVE;
				GCC_WARN_UNUSED_FUNCTION = YES;
				GCC_WARN_UNUSED_VARIABLE = YES;
				IPHONEOS_DEPLOYMENT_TARGET = 7.0;
				MTL_ENABLE_DEBUG_INFO = YES;
				ONLY_ACTIVE_ARCH = YES;
				SDKROOT = iphoneos;
				TARGETED_DEVICE_FAMILY = "1,2";
			};
			name = Debug;
		};
		30B33CF21C2D975400527950 /* Release */ = {
			isa = XCBuildConfiguration;
			buildSettings = {
				ALWAYS_SEARCH_USER_PATHS = NO;
				CLANG_CXX_LANGUAGE_STANDARD = "gnu++0x";
				CLANG_CXX_LIBRARY = "libc++";
				CLANG_ENABLE_MODULES = YES;
				CLANG_ENABLE_OBJC_ARC = YES;
				CLANG_WARN_BOOL_CONVERSION = YES;
				CLANG_WARN_CONSTANT_CONVERSION = YES;
				CLANG_WARN_DIRECT_OBJC_ISA_USAGE = YES_ERROR;
				CLANG_WARN_EMPTY_BODY = YES;
				CLANG_WARN_ENUM_CONVERSION = YES;
				CLANG_WARN_INT_CONVERSION = YES;
				CLANG_WARN_OBJC_ROOT_CLASS = YES_ERROR;
				CLANG_WARN_UNREACHABLE_CODE = YES;
				CLANG_WARN__DUPLICATE_METHOD_MATCH = YES;
				"CODE_SIGN_IDENTITY[sdk=iphoneos*]" = "iPhone Developer";
				COPY_PHASE_STRIP = NO;
				DEBUG_INFORMATION_FORMAT = "dwarf-with-dsym";
				ENABLE_NS_ASSERTIONS = NO;
				ENABLE_STRICT_OBJC_MSGSEND = YES;
				GCC_C_LANGUAGE_STANDARD = gnu99;
				GCC_NO_COMMON_BLOCKS = YES;
				GCC_WARN_64_TO_32_BIT_CONVERSION = YES;
				GCC_WARN_ABOUT_RETURN_TYPE = YES_ERROR;
				GCC_WARN_UNDECLARED_SELECTOR = YES;
				GCC_WARN_UNINITIALIZED_AUTOS = YES_AGGRESSIVE;
				GCC_WARN_UNUSED_FUNCTION = YES;
				GCC_WARN_UNUSED_VARIABLE = YES;
				IPHONEOS_DEPLOYMENT_TARGET = 7.0;
				MTL_ENABLE_DEBUG_INFO = NO;
				SDKROOT = iphoneos;
				TARGETED_DEVICE_FAMILY = "1,2";
				VALIDATE_PRODUCT = YES;
			};
			name = Release;
		};
		30B33CF41C2D975400527950 /* Debug */ = {
			isa = XCBuildConfiguration;
			buildSettings = {
				ASSETCATALOG_COMPILER_APPICON_NAME = AppIcon;
				DEVELOPMENT_TEAM = "";
				INFOPLIST_FILE = "$(SRCROOT)/RSJoystickExample/Info.plist";
				LD_RUNPATH_SEARCH_PATHS = "$(inherited) @executable_path/Frameworks";
				PRODUCT_BUNDLE_IDENTIFIER = com.example.RSJoystick;
				PRODUCT_NAME = "$(TARGET_NAME)";
			};
			name = Debug;
		};
		30B33CF51C2D975400527950 /* Release */ = {
			isa = XCBuildConfiguration;
			buildSettings = {
				ASSETCATALOG_COMPILER_APPICON_NAME = AppIcon;
				DEVELOPMENT_TEAM = "";
				INFOPLIST_FILE = "$(SRCROOT)/RSJoystickExample/Info.plist";
				LD_RUNPATH_SEARCH_PATHS = "$(inherited) @executable_path/Frameworks";
				PRODUCT_BUNDLE_IDENTIFIER = com.example.RSJoystick;
				PRODUCT_NAME = "$(TARGET_NAME)";
			};
			name = Release;
		};
/* End XCBuildConfiguration section */

/* Begin XCConfigurationList section */
		30B33CD71C2D975400527950 /* Build configuration list for PBXProject "RSJoystickExample" */ = {
			isa = XCConfigurationList;
			buildConfigurations = (
				30B33CF11C2D975400527950 /* Debug */,
				30B33CF21C2D975400527950 /* Release */,
			);
			defaultConfigurationIsVisible = 0;
			defaultConfigurationName = Release;
		};
		30B33CF31C2D975400527950 /* Build configuration list for PBXNativeTarget "RSJoystickExample" */ = {
			isa = XCConfigurationList;
			buildConfigurations = (
				30B33CF41C2D975400527950 /* Debug */,
				30B33CF51C2D975400527950 /* Release */,
			);
			defaultConfigurationIsVisible = 0;
			defaultConfigurationName = Release;
		};
/* End XCConfigurationList section */
	};
	rootObject = 30B33CD41C2D975400527950 /* Project object */;
}
